
Microsoft Visual Studio Solution File, Format Version 12.00
# Visual Studio Version 17
VisualStudioVersion = 17.8.34511.84
MinimumVisualStudioVersion = 10.0.40219.1
Project("{FAE04EC0-301F-11D3-BF4B-00C04F79EFBC}") = "lab11Chernyshenko", "lab11Chernyshenko.csproj", "{812D3FE3-48A0-4A4D-BCBF-49FF73D04910}"
EndProject
Global
	GlobalSection(SolutionConfigurationPlatforms) = preSolution
		Debug|Any CPU = Debug|Any CPU
		Release|Any CPU = Release|Any CPU
	EndGlobalSection
	GlobalSection(ProjectConfigurationPlatforms) = postSolution
		{812D3FE3-48A0-4A4D-BCBF-49FF73D04910}.Debug|Any CPU.ActiveCfg = Debug|Any CPU
		{812D3FE3-48A0-4A4D-BCBF-49FF73D04910}.Debug|Any CPU.Build.0 = Debug|Any CPU
		{812D3FE3-48A0-4A4D-BCBF-49FF73D04910}.Release|Any CPU.ActiveCfg = Release|Any CPU
		{812D3FE3-48A0-4A4D-BCBF-49FF73D04910}.Release|Any CPU.Build.0 = Release|Any CPU
	EndGlobalSection
	GlobalSection(SolutionProperties) = preSolution
		HideSolutionNode = FALSE
	EndGlobalSection
	GlobalSection(ExtensibilityGlobals) = postSolution
		SolutionGuid = {C67A043D-D202-44B0-BF21-458D24D46C72}
	EndGlobalSection
EndGlobal
